
Microsoft Visual Studio Solution File, Format Version 12.00
# Visual Studio Version 17
VisualStudioVersion = 17.2.32630.192
MinimumVisualStudioVersion = 10.0.40219.1
Project("{2150E333-8FDC-42A3-9474-1A3956D46DE8}") = "Solution Items", "Solution Items", "{9695FC1C-6D7C-4FE8-A47B-0D35F0A6649D}"
	ProjectSection(SolutionItems) = preProject
		.editorconfig = .editorconfig
	EndProjectSection
EndProject
Project("{2150E333-8FDC-42A3-9474-1A3956D46DE8}") = "Tests", "Tests", "{244B7A5A-6740-4EE8-BCA3-5484C9DDF56A}"
EndProject
Project("{9A19103F-16F7-4668-BE54-9A1E7A4F7556}") = "Boxfusion.Health.His.Web.Host", "src\Boxfusion.Health.His.Web.Host\Boxfusion.Health.His.Web.Host.csproj", "{AE6EA4DF-D39B-45C9-90AB-DE4BD9C0665B}"
EndProject
Project("{9A19103F-16F7-4668-BE54-9A1E7A4F7556}") = "Boxfusion.Health.His.Web.Core", "src\Boxfusion.Health.His.Web.Core\Boxfusion.Health.His.Web.Core.csproj", "{3AC22D01-68A6-48DC-8A71-F0EB8A253DF2}"
EndProject
Project("{9A19103F-16F7-4668-BE54-9A1E7A4F7556}") = "Boxfusion.Health.His.Common.Application", "src\Boxfusion.Health.His.Common.Application\Boxfusion.Health.His.Common.Application.csproj", "{B15FFE5A-378E-4AA5-905F-118699868301}"
EndProject
Project("{9A19103F-16F7-4668-BE54-9A1E7A4F7556}") = "Boxfusion.Health.His.Bookings.Application", "src\Boxfusion.Health.His.Bookings.Application\Boxfusion.Health.His.Bookings.Application.csproj", "{923D3D34-1FF0-4F44-97FE-CA009655D9D3}"
EndProject
Project("{9A19103F-16F7-4668-BE54-9A1E7A4F7556}") = "Boxfusion.Health.His.Common.Domain", "src\Boxfusion.Health.His.Common.Domain\Boxfusion.Health.His.Common.Domain.csproj", "{7993317F-AA2E-4FD8-AB25-A5D59EEC9F99}"
EndProject
Project("{9A19103F-16F7-4668-BE54-9A1E7A4F7556}") = "Boxfusion.Health.His.Bookings.Domain", "src\Boxfusion.Health.His.Bookings.Domain\Boxfusion.Health.His.Bookings.Domain.csproj", "{D61EC4C7-0106-4E84-8160-AECEB5555125}"
EndProject
Project("{9A19103F-16F7-4668-BE54-9A1E7A4F7556}") = "Boxfusion.Health.His.Common.Domain.Tests", "test\Boxfusion.Health.His.Common.Domain.Tests\Boxfusion.Health.His.Common.Domain.Tests.csproj", "{1E3B0FB7-94E8-48AD-83AC-17EABA2EA5D1}"
EndProject
Project("{9A19103F-16F7-4668-BE54-9A1E7A4F7556}") = "Boxfusion.Health.His.Bookings.Domain.Tests", "test\Boxfusion.Health.His.Bookings.Domain.Tests\Boxfusion.Health.His.Bookings.Domain.Tests.csproj", "{CD807E5E-CD55-48C5-A41E-4CC0BA7886D2}"
EndProject
Project("{9A19103F-16F7-4668-BE54-9A1E7A4F7556}") = "Boxfusion.Health.His.MpDoh.Customisations", "src\Boxfusion.Health.His.MpDoh.Domain\Boxfusion.Health.His.MpDoh.Customisations.csproj", "{B1F6252A-5959-42E5-9915-8CD570440884}"
EndProject
Project("{9A19103F-16F7-4668-BE54-9A1E7A4F7556}") = "Boxfusion.Health.His.Admissions.Application", "src\Boxfusion.Health.His.Admissions\Boxfusion.Health.His.Admissions.Application.csproj", "{86E577DD-0F87-4C6A-A181-576A3D1107C6}"
EndProject
Project("{9A19103F-16F7-4668-BE54-9A1E7A4F7556}") = "Boxfusion.Health.His.Admissions.Domain", "src\Boxfusion.Health.His.Admissions.Domain\Boxfusion.Health.His.Admissions.Domain.csproj", "{96A9F3A6-EF57-4EB5-83A8-680DE956005E}"
EndProject
Project("{9A19103F-16F7-4668-BE54-9A1E7A4F7556}") = "Boxfusion.Health.His.Admissions.Domain.Tests", "Boxfusion.Health.His.Admissions.Domain.Tests\Boxfusion.Health.His.Admissions.Domain.Tests.csproj", "{57429F71-8D0C-4850-AE07-F6D8426DEE6B}"
EndProject
Project("{2150E333-8FDC-42A3-9474-1A3956D46DE8}") = "shesha", "shesha", "{AB99B699-B4D8-42BD-BD22-001C2317430B}"
EndProject
Project("{9A19103F-16F7-4668-BE54-9A1E7A4F7556}") = "Shesha.Enterprise", "shesha-core-enterprise\src\Shesha.Enterprise\Shesha.Enterprise.csproj", "{17629F45-95C1-4046-9FF9-D2E355E829B0}"
EndProject
Project("{9A19103F-16F7-4668-BE54-9A1E7A4F7556}") = "Shesha.Enterprise.DocumentProcessing", "shesha-core-enterprise\src\Shesha.Enterprise.DocumentProcessing\Shesha.Enterprise.DocumentProcessing.csproj", "{EEF76E8C-9404-425D-96F6-646C35E62F64}"
EndProject
Project("{9A19103F-16F7-4668-BE54-9A1E7A4F7556}") = "Shesha.Enterprise.Reporting", "shesha-core-enterprise\src\Shesha.Enterprise.Reporting\Shesha.Enterprise.Reporting.csproj", "{20C3F731-E8C4-412E-9AAE-23324A13101F}"
EndProject
Project("{9A19103F-16F7-4668-BE54-9A1E7A4F7556}") = "Shesha.Application", "shesha-core-enterprise\shesha-core\src\Shesha.Application\Shesha.Application.csproj", "{0B997DD5-79DB-42E7-B5FD-BAB066008C2D}"
EndProject
Project("{9A19103F-16F7-4668-BE54-9A1E7A4F7556}") = "Shesha.AzureAD", "shesha-core-enterprise\shesha-core\src\Shesha.AzureAD\Shesha.AzureAD.csproj", "{6697D1F4-8075-40AD-8A0D-4F815A211833}"
EndProject
Project("{9A19103F-16F7-4668-BE54-9A1E7A4F7556}") = "Shesha.Core", "shesha-core-enterprise\shesha-core\src\Shesha.Core\Shesha.Core.csproj", "{C0D38AE5-FAAD-44F3-89FC-D831116A7062}"
EndProject
Project("{9A19103F-16F7-4668-BE54-9A1E7A4F7556}") = "Shesha.Elmah", "shesha-core-enterprise\shesha-core\src\Shesha.Elmah\Shesha.Elmah.csproj", "{9E89335D-8A85-4E36-89D9-2D49CEE0BA56}"
EndProject
Project("{9A19103F-16F7-4668-BE54-9A1E7A4F7556}") = "Shesha.Firebase", "shesha-core-enterprise\shesha-core\src\Shesha.Firebase\Shesha.Firebase.csproj", "{D54670A0-01B4-48F9-BDC2-2E4F617B3229}"
EndProject
Project("{9A19103F-16F7-4668-BE54-9A1E7A4F7556}") = "Shesha.Framework", "shesha-core-enterprise\shesha-core\src\Shesha.Framework\Shesha.Framework.csproj", "{CBB855FB-5302-4700-93A8-0FE7FD4280D4}"
EndProject
Project("{9A19103F-16F7-4668-BE54-9A1E7A4F7556}") = "Shesha.GraphQL", "shesha-core-enterprise\shesha-core\src\Shesha.GraphQL\Shesha.GraphQL.csproj", "{2C55258C-C619-4583-A163-793D4E80D5B6}"
EndProject
Project("{9A19103F-16F7-4668-BE54-9A1E7A4F7556}") = "Shesha.Import", "shesha-core-enterprise\shesha-core\src\Shesha.Import\Shesha.Import.csproj", "{7B135348-315F-4300-8A06-BC7F10361940}"
EndProject
Project("{9A19103F-16F7-4668-BE54-9A1E7A4F7556}") = "Shesha.Ldap", "shesha-core-enterprise\shesha-core\src\Shesha.Ldap\Shesha.Ldap.csproj", "{27883497-E40B-4AE2-9E1F-BE0B4B588670}"
EndProject
Project("{9A19103F-16F7-4668-BE54-9A1E7A4F7556}") = "Shesha.MongoRepository", "shesha-core-enterprise\shesha-core\src\Shesha.MongoRepository\Shesha.MongoRepository.csproj", "{6700BCBD-3FE7-4CAC-97CB-CD1DF8B066F5}"
EndProject
Project("{9A19103F-16F7-4668-BE54-9A1E7A4F7556}") = "Shesha.NHibernate", "shesha-core-enterprise\shesha-core\src\Shesha.NHibernate\Shesha.NHibernate.csproj", "{DB416FC7-8A97-44FB-892F-797E491C5D30}"
EndProject
Project("{9A19103F-16F7-4668-BE54-9A1E7A4F7556}") = "Shesha.RestSharp", "shesha-core-enterprise\shesha-core\src\Shesha.RestSharp\Shesha.RestSharp.csproj", "{5EB263D9-073E-410B-BB3B-3C3F4A385398}"
EndProject
Project("{9A19103F-16F7-4668-BE54-9A1E7A4F7556}") = "Shesha.Scheduler", "shesha-core-enterprise\shesha-core\src\Shesha.Scheduler\Shesha.Scheduler.csproj", "{563DE7AE-63E0-4458-AD14-384EF448F0F3}"
EndProject
Project("{9A19103F-16F7-4668-BE54-9A1E7A4F7556}") = "Shesha.Sms.BulkSms", "shesha-core-enterprise\shesha-core\src\Shesha.Sms.BulkSms\Shesha.Sms.BulkSms.csproj", "{19D8A3FE-BE11-4063-9E38-495A88A68C0A}"
EndProject
Project("{9A19103F-16F7-4668-BE54-9A1E7A4F7556}") = "Shesha.Sms.Clickatell", "shesha-core-enterprise\shesha-core\src\Shesha.Sms.Clickatell\Shesha.Sms.Clickatell.csproj", "{EDB6DE2D-834A-4AB3-879B-4136D4C82629}"
EndProject
Project("{9A19103F-16F7-4668-BE54-9A1E7A4F7556}") = "Shesha.Sms.Xml2Sms", "shesha-core-enterprise\shesha-core\src\Shesha.Sms.Xml2Sms\Shesha.Sms.Xml2Sms.csproj", "{2EA1DED6-4C8E-4927-998B-27A5EBDF94C5}"
EndProject
Project("{9A19103F-16F7-4668-BE54-9A1E7A4F7556}") = "Shesha.Sms.SmsPortal", "shesha-core-enterprise\shesha-core\src\Shesha.Sms.SmsPortal\Shesha.Sms.SmsPortal.csproj", "{1BE3CB30-7A5D-481E-B280-8820634EDE27}"
EndProject
Project("{9A19103F-16F7-4668-BE54-9A1E7A4F7556}") = "Shesha.Web.Core", "shesha-core-enterprise\shesha-core\src\Shesha.Web.Core\Shesha.Web.Core.csproj", "{1970BEFD-A91B-4402-A4BC-64C0886320D9}"
EndProject
Project("{9A19103F-16F7-4668-BE54-9A1E7A4F7556}") = "Shesha.Web.FormsDesigner", "shesha-core-enterprise\shesha-core\src\Shesha.Web.FormsDesigner\Shesha.Web.FormsDesigner.csproj", "{D6C3BB7F-E9F6-48BB-8DC3-4ED8507C8827}"
EndProject
Project("{9A19103F-16F7-4668-BE54-9A1E7A4F7556}") = "Boxfusion.Health.His.GpDoh.Customisations", "src\Boxfusion.Health.His.GpDoh.Customisations\Boxfusion.Health.His.GpDoh.Customisations.csproj", "{E23FB998-1121-42AC-B085-166040BA8DB2}"
EndProject
Project("{9A19103F-16F7-4668-BE54-9A1E7A4F7556}") = "Boxfusion.Health.HealthCommon.Core", "src\Boxfusion.HealthCommon\src\Boxfusion.Health.HealthCommon.Core\Boxfusion.Health.HealthCommon.Core.csproj", "{787D3872-3251-4CFE-A22F-9E904800628F}"
EndProject
Global
	GlobalSection(SolutionConfigurationPlatforms) = preSolution
		Debug|Any CPU = Debug|Any CPU
		DebugLocalShesha|Any CPU = DebugLocalShesha|Any CPU
		Release|Any CPU = Release|Any CPU
	EndGlobalSection
	GlobalSection(ProjectConfigurationPlatforms) = postSolution
		{AE6EA4DF-D39B-45C9-90AB-DE4BD9C0665B}.Debug|Any CPU.ActiveCfg = Debug|Any CPU
		{AE6EA4DF-D39B-45C9-90AB-DE4BD9C0665B}.Debug|Any CPU.Build.0 = Debug|Any CPU
		{AE6EA4DF-D39B-45C9-90AB-DE4BD9C0665B}.DebugLocalShesha|Any CPU.ActiveCfg = Debug|Any CPU
		{AE6EA4DF-D39B-45C9-90AB-DE4BD9C0665B}.DebugLocalShesha|Any CPU.Build.0 = Debug|Any CPU
		{AE6EA4DF-D39B-45C9-90AB-DE4BD9C0665B}.Release|Any CPU.ActiveCfg = Release|Any CPU
		{AE6EA4DF-D39B-45C9-90AB-DE4BD9C0665B}.Release|Any CPU.Build.0 = Release|Any CPU
		{3AC22D01-68A6-48DC-8A71-F0EB8A253DF2}.Debug|Any CPU.ActiveCfg = Debug|Any CPU
		{3AC22D01-68A6-48DC-8A71-F0EB8A253DF2}.Debug|Any CPU.Build.0 = Debug|Any CPU
		{3AC22D01-68A6-48DC-8A71-F0EB8A253DF2}.DebugLocalShesha|Any CPU.ActiveCfg = Debug|Any CPU
		{3AC22D01-68A6-48DC-8A71-F0EB8A253DF2}.DebugLocalShesha|Any CPU.Build.0 = Debug|Any CPU
		{3AC22D01-68A6-48DC-8A71-F0EB8A253DF2}.Release|Any CPU.ActiveCfg = Release|Any CPU
		{3AC22D01-68A6-48DC-8A71-F0EB8A253DF2}.Release|Any CPU.Build.0 = Release|Any CPU
		{B15FFE5A-378E-4AA5-905F-118699868301}.Debug|Any CPU.ActiveCfg = Debug|Any CPU
		{B15FFE5A-378E-4AA5-905F-118699868301}.Debug|Any CPU.Build.0 = Debug|Any CPU
		{B15FFE5A-378E-4AA5-905F-118699868301}.DebugLocalShesha|Any CPU.ActiveCfg = Debug|Any CPU
		{B15FFE5A-378E-4AA5-905F-118699868301}.DebugLocalShesha|Any CPU.Build.0 = Debug|Any CPU
		{B15FFE5A-378E-4AA5-905F-118699868301}.Release|Any CPU.ActiveCfg = Release|Any CPU
		{B15FFE5A-378E-4AA5-905F-118699868301}.Release|Any CPU.Build.0 = Release|Any CPU
		{923D3D34-1FF0-4F44-97FE-CA009655D9D3}.Debug|Any CPU.ActiveCfg = Debug|Any CPU
		{923D3D34-1FF0-4F44-97FE-CA009655D9D3}.Debug|Any CPU.Build.0 = Debug|Any CPU
		{923D3D34-1FF0-4F44-97FE-CA009655D9D3}.DebugLocalShesha|Any CPU.ActiveCfg = Debug|Any CPU
		{923D3D34-1FF0-4F44-97FE-CA009655D9D3}.DebugLocalShesha|Any CPU.Build.0 = Debug|Any CPU
		{923D3D34-1FF0-4F44-97FE-CA009655D9D3}.Release|Any CPU.ActiveCfg = Release|Any CPU
		{923D3D34-1FF0-4F44-97FE-CA009655D9D3}.Release|Any CPU.Build.0 = Release|Any CPU
		{7993317F-AA2E-4FD8-AB25-A5D59EEC9F99}.Debug|Any CPU.ActiveCfg = Debug|Any CPU
		{7993317F-AA2E-4FD8-AB25-A5D59EEC9F99}.Debug|Any CPU.Build.0 = Debug|Any CPU
		{7993317F-AA2E-4FD8-AB25-A5D59EEC9F99}.DebugLocalShesha|Any CPU.ActiveCfg = Debug|Any CPU
		{7993317F-AA2E-4FD8-AB25-A5D59EEC9F99}.DebugLocalShesha|Any CPU.Build.0 = Debug|Any CPU
		{7993317F-AA2E-4FD8-AB25-A5D59EEC9F99}.Release|Any CPU.ActiveCfg = Release|Any CPU
		{7993317F-AA2E-4FD8-AB25-A5D59EEC9F99}.Release|Any CPU.Build.0 = Release|Any CPU
		{D61EC4C7-0106-4E84-8160-AECEB5555125}.Debug|Any CPU.ActiveCfg = Debug|Any CPU
		{D61EC4C7-0106-4E84-8160-AECEB5555125}.Debug|Any CPU.Build.0 = Debug|Any CPU
		{D61EC4C7-0106-4E84-8160-AECEB5555125}.DebugLocalShesha|Any CPU.ActiveCfg = Debug|Any CPU
		{D61EC4C7-0106-4E84-8160-AECEB5555125}.DebugLocalShesha|Any CPU.Build.0 = Debug|Any CPU
		{D61EC4C7-0106-4E84-8160-AECEB5555125}.Release|Any CPU.ActiveCfg = Release|Any CPU
		{D61EC4C7-0106-4E84-8160-AECEB5555125}.Release|Any CPU.Build.0 = Release|Any CPU
		{1E3B0FB7-94E8-48AD-83AC-17EABA2EA5D1}.Debug|Any CPU.ActiveCfg = Debug|Any CPU
		{1E3B0FB7-94E8-48AD-83AC-17EABA2EA5D1}.Debug|Any CPU.Build.0 = Debug|Any CPU
		{1E3B0FB7-94E8-48AD-83AC-17EABA2EA5D1}.DebugLocalShesha|Any CPU.ActiveCfg = Debug|Any CPU
		{1E3B0FB7-94E8-48AD-83AC-17EABA2EA5D1}.DebugLocalShesha|Any CPU.Build.0 = Debug|Any CPU
		{1E3B0FB7-94E8-48AD-83AC-17EABA2EA5D1}.Release|Any CPU.ActiveCfg = Release|Any CPU
		{1E3B0FB7-94E8-48AD-83AC-17EABA2EA5D1}.Release|Any CPU.Build.0 = Release|Any CPU
		{CD807E5E-CD55-48C5-A41E-4CC0BA7886D2}.Debug|Any CPU.ActiveCfg = Debug|Any CPU
		{CD807E5E-CD55-48C5-A41E-4CC0BA7886D2}.Debug|Any CPU.Build.0 = Debug|Any CPU
		{CD807E5E-CD55-48C5-A41E-4CC0BA7886D2}.DebugLocalShesha|Any CPU.ActiveCfg = Debug|Any CPU
		{CD807E5E-CD55-48C5-A41E-4CC0BA7886D2}.DebugLocalShesha|Any CPU.Build.0 = Debug|Any CPU
		{CD807E5E-CD55-48C5-A41E-4CC0BA7886D2}.Release|Any CPU.ActiveCfg = Release|Any CPU
		{CD807E5E-CD55-48C5-A41E-4CC0BA7886D2}.Release|Any CPU.Build.0 = Release|Any CPU
		{B1F6252A-5959-42E5-9915-8CD570440884}.Debug|Any CPU.ActiveCfg = Debug|Any CPU
		{B1F6252A-5959-42E5-9915-8CD570440884}.Debug|Any CPU.Build.0 = Debug|Any CPU
		{B1F6252A-5959-42E5-9915-8CD570440884}.DebugLocalShesha|Any CPU.ActiveCfg = Debug|Any CPU
		{B1F6252A-5959-42E5-9915-8CD570440884}.DebugLocalShesha|Any CPU.Build.0 = Debug|Any CPU
		{B1F6252A-5959-42E5-9915-8CD570440884}.Release|Any CPU.ActiveCfg = Release|Any CPU
		{B1F6252A-5959-42E5-9915-8CD570440884}.Release|Any CPU.Build.0 = Release|Any CPU
		{86E577DD-0F87-4C6A-A181-576A3D1107C6}.Debug|Any CPU.ActiveCfg = Debug|Any CPU
		{86E577DD-0F87-4C6A-A181-576A3D1107C6}.Debug|Any CPU.Build.0 = Debug|Any CPU
		{86E577DD-0F87-4C6A-A181-576A3D1107C6}.DebugLocalShesha|Any CPU.ActiveCfg = Debug|Any CPU
		{86E577DD-0F87-4C6A-A181-576A3D1107C6}.DebugLocalShesha|Any CPU.Build.0 = Debug|Any CPU
		{86E577DD-0F87-4C6A-A181-576A3D1107C6}.Release|Any CPU.ActiveCfg = Release|Any CPU
		{86E577DD-0F87-4C6A-A181-576A3D1107C6}.Release|Any CPU.Build.0 = Release|Any CPU
		{96A9F3A6-EF57-4EB5-83A8-680DE956005E}.Debug|Any CPU.ActiveCfg = Debug|Any CPU
		{96A9F3A6-EF57-4EB5-83A8-680DE956005E}.Debug|Any CPU.Build.0 = Debug|Any CPU
		{96A9F3A6-EF57-4EB5-83A8-680DE956005E}.DebugLocalShesha|Any CPU.ActiveCfg = Debug|Any CPU
		{96A9F3A6-EF57-4EB5-83A8-680DE956005E}.DebugLocalShesha|Any CPU.Build.0 = Debug|Any CPU
		{96A9F3A6-EF57-4EB5-83A8-680DE956005E}.Release|Any CPU.ActiveCfg = Release|Any CPU
		{96A9F3A6-EF57-4EB5-83A8-680DE956005E}.Release|Any CPU.Build.0 = Release|Any CPU
		{57429F71-8D0C-4850-AE07-F6D8426DEE6B}.Debug|Any CPU.ActiveCfg = Debug|Any CPU
		{57429F71-8D0C-4850-AE07-F6D8426DEE6B}.Debug|Any CPU.Build.0 = Debug|Any CPU
		{57429F71-8D0C-4850-AE07-F6D8426DEE6B}.DebugLocalShesha|Any CPU.ActiveCfg = Debug|Any CPU
		{57429F71-8D0C-4850-AE07-F6D8426DEE6B}.DebugLocalShesha|Any CPU.Build.0 = Debug|Any CPU
		{57429F71-8D0C-4850-AE07-F6D8426DEE6B}.Release|Any CPU.ActiveCfg = Release|Any CPU
		{57429F71-8D0C-4850-AE07-F6D8426DEE6B}.Release|Any CPU.Build.0 = Release|Any CPU
		{17629F45-95C1-4046-9FF9-D2E355E829B0}.Debug|Any CPU.ActiveCfg = Debug|Any CPU
		{17629F45-95C1-4046-9FF9-D2E355E829B0}.Debug|Any CPU.Build.0 = Debug|Any CPU
		{17629F45-95C1-4046-9FF9-D2E355E829B0}.DebugLocalShesha|Any CPU.ActiveCfg = DebugLocalShesha|Any CPU
		{17629F45-95C1-4046-9FF9-D2E355E829B0}.DebugLocalShesha|Any CPU.Build.0 = DebugLocalShesha|Any CPU
		{17629F45-95C1-4046-9FF9-D2E355E829B0}.Release|Any CPU.ActiveCfg = Release|Any CPU
		{17629F45-95C1-4046-9FF9-D2E355E829B0}.Release|Any CPU.Build.0 = Release|Any CPU
		{EEF76E8C-9404-425D-96F6-646C35E62F64}.Debug|Any CPU.ActiveCfg = Debug|Any CPU
		{EEF76E8C-9404-425D-96F6-646C35E62F64}.Debug|Any CPU.Build.0 = Debug|Any CPU
		{EEF76E8C-9404-425D-96F6-646C35E62F64}.DebugLocalShesha|Any CPU.ActiveCfg = DebugLocalShesha|Any CPU
		{EEF76E8C-9404-425D-96F6-646C35E62F64}.DebugLocalShesha|Any CPU.Build.0 = DebugLocalShesha|Any CPU
		{EEF76E8C-9404-425D-96F6-646C35E62F64}.Release|Any CPU.ActiveCfg = Release|Any CPU
		{EEF76E8C-9404-425D-96F6-646C35E62F64}.Release|Any CPU.Build.0 = Release|Any CPU
		{20C3F731-E8C4-412E-9AAE-23324A13101F}.Debug|Any CPU.ActiveCfg = Debug|Any CPU
		{20C3F731-E8C4-412E-9AAE-23324A13101F}.Debug|Any CPU.Build.0 = Debug|Any CPU
		{20C3F731-E8C4-412E-9AAE-23324A13101F}.DebugLocalShesha|Any CPU.ActiveCfg = DebugLocalShesha|Any CPU
		{20C3F731-E8C4-412E-9AAE-23324A13101F}.DebugLocalShesha|Any CPU.Build.0 = DebugLocalShesha|Any CPU
		{20C3F731-E8C4-412E-9AAE-23324A13101F}.Release|Any CPU.ActiveCfg = Release|Any CPU
		{20C3F731-E8C4-412E-9AAE-23324A13101F}.Release|Any CPU.Build.0 = Release|Any CPU
		{0B997DD5-79DB-42E7-B5FD-BAB066008C2D}.Debug|Any CPU.ActiveCfg = Debug|Any CPU
		{0B997DD5-79DB-42E7-B5FD-BAB066008C2D}.Debug|Any CPU.Build.0 = Debug|Any CPU
		{0B997DD5-79DB-42E7-B5FD-BAB066008C2D}.DebugLocalShesha|Any CPU.ActiveCfg = Debug|Any CPU
		{0B997DD5-79DB-42E7-B5FD-BAB066008C2D}.DebugLocalShesha|Any CPU.Build.0 = Debug|Any CPU
		{0B997DD5-79DB-42E7-B5FD-BAB066008C2D}.Release|Any CPU.ActiveCfg = Release|Any CPU
		{0B997DD5-79DB-42E7-B5FD-BAB066008C2D}.Release|Any CPU.Build.0 = Release|Any CPU
		{6697D1F4-8075-40AD-8A0D-4F815A211833}.Debug|Any CPU.ActiveCfg = Debug|Any CPU
		{6697D1F4-8075-40AD-8A0D-4F815A211833}.Debug|Any CPU.Build.0 = Debug|Any CPU
		{6697D1F4-8075-40AD-8A0D-4F815A211833}.DebugLocalShesha|Any CPU.ActiveCfg = Debug|Any CPU
		{6697D1F4-8075-40AD-8A0D-4F815A211833}.DebugLocalShesha|Any CPU.Build.0 = Debug|Any CPU
		{6697D1F4-8075-40AD-8A0D-4F815A211833}.Release|Any CPU.ActiveCfg = Release|Any CPU
		{6697D1F4-8075-40AD-8A0D-4F815A211833}.Release|Any CPU.Build.0 = Release|Any CPU
		{C0D38AE5-FAAD-44F3-89FC-D831116A7062}.Debug|Any CPU.ActiveCfg = Debug|Any CPU
		{C0D38AE5-FAAD-44F3-89FC-D831116A7062}.Debug|Any CPU.Build.0 = Debug|Any CPU
		{C0D38AE5-FAAD-44F3-89FC-D831116A7062}.DebugLocalShesha|Any CPU.ActiveCfg = Debug|Any CPU
		{C0D38AE5-FAAD-44F3-89FC-D831116A7062}.DebugLocalShesha|Any CPU.Build.0 = Debug|Any CPU
		{C0D38AE5-FAAD-44F3-89FC-D831116A7062}.Release|Any CPU.ActiveCfg = Release|Any CPU
		{C0D38AE5-FAAD-44F3-89FC-D831116A7062}.Release|Any CPU.Build.0 = Release|Any CPU
		{9E89335D-8A85-4E36-89D9-2D49CEE0BA56}.Debug|Any CPU.ActiveCfg = Debug|Any CPU
		{9E89335D-8A85-4E36-89D9-2D49CEE0BA56}.Debug|Any CPU.Build.0 = Debug|Any CPU
		{9E89335D-8A85-4E36-89D9-2D49CEE0BA56}.DebugLocalShesha|Any CPU.ActiveCfg = Debug|Any CPU
		{9E89335D-8A85-4E36-89D9-2D49CEE0BA56}.DebugLocalShesha|Any CPU.Build.0 = Debug|Any CPU
		{9E89335D-8A85-4E36-89D9-2D49CEE0BA56}.Release|Any CPU.ActiveCfg = Release|Any CPU
		{9E89335D-8A85-4E36-89D9-2D49CEE0BA56}.Release|Any CPU.Build.0 = Release|Any CPU
		{D54670A0-01B4-48F9-BDC2-2E4F617B3229}.Debug|Any CPU.ActiveCfg = Debug|Any CPU
		{D54670A0-01B4-48F9-BDC2-2E4F617B3229}.Debug|Any CPU.Build.0 = Debug|Any CPU
		{D54670A0-01B4-48F9-BDC2-2E4F617B3229}.DebugLocalShesha|Any CPU.ActiveCfg = Debug|Any CPU
		{D54670A0-01B4-48F9-BDC2-2E4F617B3229}.DebugLocalShesha|Any CPU.Build.0 = Debug|Any CPU
		{D54670A0-01B4-48F9-BDC2-2E4F617B3229}.Release|Any CPU.ActiveCfg = Release|Any CPU
		{D54670A0-01B4-48F9-BDC2-2E4F617B3229}.Release|Any CPU.Build.0 = Release|Any CPU
		{CBB855FB-5302-4700-93A8-0FE7FD4280D4}.Debug|Any CPU.ActiveCfg = Debug|Any CPU
		{CBB855FB-5302-4700-93A8-0FE7FD4280D4}.Debug|Any CPU.Build.0 = Debug|Any CPU
		{CBB855FB-5302-4700-93A8-0FE7FD4280D4}.DebugLocalShesha|Any CPU.ActiveCfg = Debug|Any CPU
		{CBB855FB-5302-4700-93A8-0FE7FD4280D4}.DebugLocalShesha|Any CPU.Build.0 = Debug|Any CPU
		{CBB855FB-5302-4700-93A8-0FE7FD4280D4}.Release|Any CPU.ActiveCfg = Release|Any CPU
		{CBB855FB-5302-4700-93A8-0FE7FD4280D4}.Release|Any CPU.Build.0 = Release|Any CPU
		{2C55258C-C619-4583-A163-793D4E80D5B6}.Debug|Any CPU.ActiveCfg = Debug|Any CPU
		{2C55258C-C619-4583-A163-793D4E80D5B6}.Debug|Any CPU.Build.0 = Debug|Any CPU
		{2C55258C-C619-4583-A163-793D4E80D5B6}.DebugLocalShesha|Any CPU.ActiveCfg = Debug|Any CPU
		{2C55258C-C619-4583-A163-793D4E80D5B6}.DebugLocalShesha|Any CPU.Build.0 = Debug|Any CPU
		{2C55258C-C619-4583-A163-793D4E80D5B6}.Release|Any CPU.ActiveCfg = Release|Any CPU
		{2C55258C-C619-4583-A163-793D4E80D5B6}.Release|Any CPU.Build.0 = Release|Any CPU
		{7B135348-315F-4300-8A06-BC7F10361940}.Debug|Any CPU.ActiveCfg = Debug|Any CPU
		{7B135348-315F-4300-8A06-BC7F10361940}.Debug|Any CPU.Build.0 = Debug|Any CPU
		{7B135348-315F-4300-8A06-BC7F10361940}.DebugLocalShesha|Any CPU.ActiveCfg = Debug|Any CPU
		{7B135348-315F-4300-8A06-BC7F10361940}.DebugLocalShesha|Any CPU.Build.0 = Debug|Any CPU
		{7B135348-315F-4300-8A06-BC7F10361940}.Release|Any CPU.ActiveCfg = Release|Any CPU
		{7B135348-315F-4300-8A06-BC7F10361940}.Release|Any CPU.Build.0 = Release|Any CPU
		{27883497-E40B-4AE2-9E1F-BE0B4B588670}.Debug|Any CPU.ActiveCfg = Debug|Any CPU
		{27883497-E40B-4AE2-9E1F-BE0B4B588670}.Debug|Any CPU.Build.0 = Debug|Any CPU
		{27883497-E40B-4AE2-9E1F-BE0B4B588670}.DebugLocalShesha|Any CPU.ActiveCfg = Debug|Any CPU
		{27883497-E40B-4AE2-9E1F-BE0B4B588670}.DebugLocalShesha|Any CPU.Build.0 = Debug|Any CPU
		{27883497-E40B-4AE2-9E1F-BE0B4B588670}.Release|Any CPU.ActiveCfg = Release|Any CPU
		{27883497-E40B-4AE2-9E1F-BE0B4B588670}.Release|Any CPU.Build.0 = Release|Any CPU
		{6700BCBD-3FE7-4CAC-97CB-CD1DF8B066F5}.Debug|Any CPU.ActiveCfg = Debug|Any CPU
		{6700BCBD-3FE7-4CAC-97CB-CD1DF8B066F5}.Debug|Any CPU.Build.0 = Debug|Any CPU
		{6700BCBD-3FE7-4CAC-97CB-CD1DF8B066F5}.DebugLocalShesha|Any CPU.ActiveCfg = Debug|Any CPU
		{6700BCBD-3FE7-4CAC-97CB-CD1DF8B066F5}.DebugLocalShesha|Any CPU.Build.0 = Debug|Any CPU
		{6700BCBD-3FE7-4CAC-97CB-CD1DF8B066F5}.Release|Any CPU.ActiveCfg = Release|Any CPU
		{6700BCBD-3FE7-4CAC-97CB-CD1DF8B066F5}.Release|Any CPU.Build.0 = Release|Any CPU
		{DB416FC7-8A97-44FB-892F-797E491C5D30}.Debug|Any CPU.ActiveCfg = Debug|Any CPU
		{DB416FC7-8A97-44FB-892F-797E491C5D30}.Debug|Any CPU.Build.0 = Debug|Any CPU
		{DB416FC7-8A97-44FB-892F-797E491C5D30}.DebugLocalShesha|Any CPU.ActiveCfg = Debug|Any CPU
		{DB416FC7-8A97-44FB-892F-797E491C5D30}.DebugLocalShesha|Any CPU.Build.0 = Debug|Any CPU
		{DB416FC7-8A97-44FB-892F-797E491C5D30}.Release|Any CPU.ActiveCfg = Release|Any CPU
		{DB416FC7-8A97-44FB-892F-797E491C5D30}.Release|Any CPU.Build.0 = Release|Any CPU
		{5EB263D9-073E-410B-BB3B-3C3F4A385398}.Debug|Any CPU.ActiveCfg = Debug|Any CPU
		{5EB263D9-073E-410B-BB3B-3C3F4A385398}.Debug|Any CPU.Build.0 = Debug|Any CPU
		{5EB263D9-073E-410B-BB3B-3C3F4A385398}.DebugLocalShesha|Any CPU.ActiveCfg = Debug|Any CPU
		{5EB263D9-073E-410B-BB3B-3C3F4A385398}.DebugLocalShesha|Any CPU.Build.0 = Debug|Any CPU
		{5EB263D9-073E-410B-BB3B-3C3F4A385398}.Release|Any CPU.ActiveCfg = Release|Any CPU
		{5EB263D9-073E-410B-BB3B-3C3F4A385398}.Release|Any CPU.Build.0 = Release|Any CPU
		{563DE7AE-63E0-4458-AD14-384EF448F0F3}.Debug|Any CPU.ActiveCfg = Debug|Any CPU
		{563DE7AE-63E0-4458-AD14-384EF448F0F3}.Debug|Any CPU.Build.0 = Debug|Any CPU
		{563DE7AE-63E0-4458-AD14-384EF448F0F3}.DebugLocalShesha|Any CPU.ActiveCfg = Debug|Any CPU
		{563DE7AE-63E0-4458-AD14-384EF448F0F3}.DebugLocalShesha|Any CPU.Build.0 = Debug|Any CPU
		{563DE7AE-63E0-4458-AD14-384EF448F0F3}.Release|Any CPU.ActiveCfg = Release|Any CPU
		{563DE7AE-63E0-4458-AD14-384EF448F0F3}.Release|Any CPU.Build.0 = Release|Any CPU
		{19D8A3FE-BE11-4063-9E38-495A88A68C0A}.Debug|Any CPU.ActiveCfg = Debug|Any CPU
		{19D8A3FE-BE11-4063-9E38-495A88A68C0A}.Debug|Any CPU.Build.0 = Debug|Any CPU
		{19D8A3FE-BE11-4063-9E38-495A88A68C0A}.DebugLocalShesha|Any CPU.ActiveCfg = Debug|Any CPU
		{19D8A3FE-BE11-4063-9E38-495A88A68C0A}.DebugLocalShesha|Any CPU.Build.0 = Debug|Any CPU
		{19D8A3FE-BE11-4063-9E38-495A88A68C0A}.Release|Any CPU.ActiveCfg = Release|Any CPU
		{19D8A3FE-BE11-4063-9E38-495A88A68C0A}.Release|Any CPU.Build.0 = Release|Any CPU
		{EDB6DE2D-834A-4AB3-879B-4136D4C82629}.Debug|Any CPU.ActiveCfg = Debug|Any CPU
		{EDB6DE2D-834A-4AB3-879B-4136D4C82629}.Debug|Any CPU.Build.0 = Debug|Any CPU
		{EDB6DE2D-834A-4AB3-879B-4136D4C82629}.DebugLocalShesha|Any CPU.ActiveCfg = Debug|Any CPU
		{EDB6DE2D-834A-4AB3-879B-4136D4C82629}.DebugLocalShesha|Any CPU.Build.0 = Debug|Any CPU
		{EDB6DE2D-834A-4AB3-879B-4136D4C82629}.Release|Any CPU.ActiveCfg = Release|Any CPU
		{EDB6DE2D-834A-4AB3-879B-4136D4C82629}.Release|Any CPU.Build.0 = Release|Any CPU
		{2EA1DED6-4C8E-4927-998B-27A5EBDF94C5}.Debug|Any CPU.ActiveCfg = Debug|Any CPU
		{2EA1DED6-4C8E-4927-998B-27A5EBDF94C5}.Debug|Any CPU.Build.0 = Debug|Any CPU
		{2EA1DED6-4C8E-4927-998B-27A5EBDF94C5}.DebugLocalShesha|Any CPU.ActiveCfg = Debug|Any CPU
		{2EA1DED6-4C8E-4927-998B-27A5EBDF94C5}.DebugLocalShesha|Any CPU.Build.0 = Debug|Any CPU
		{2EA1DED6-4C8E-4927-998B-27A5EBDF94C5}.Release|Any CPU.ActiveCfg = Release|Any CPU
		{2EA1DED6-4C8E-4927-998B-27A5EBDF94C5}.Release|Any CPU.Build.0 = Release|Any CPU
		{1BE3CB30-7A5D-481E-B280-8820634EDE27}.Debug|Any CPU.ActiveCfg = Debug|Any CPU
		{1BE3CB30-7A5D-481E-B280-8820634EDE27}.Debug|Any CPU.Build.0 = Debug|Any CPU
		{1BE3CB30-7A5D-481E-B280-8820634EDE27}.DebugLocalShesha|Any CPU.ActiveCfg = Debug|Any CPU
		{1BE3CB30-7A5D-481E-B280-8820634EDE27}.DebugLocalShesha|Any CPU.Build.0 = Debug|Any CPU
		{1BE3CB30-7A5D-481E-B280-8820634EDE27}.Release|Any CPU.ActiveCfg = Release|Any CPU
		{1BE3CB30-7A5D-481E-B280-8820634EDE27}.Release|Any CPU.Build.0 = Release|Any CPU
		{1970BEFD-A91B-4402-A4BC-64C0886320D9}.Debug|Any CPU.ActiveCfg = Debug|Any CPU
		{1970BEFD-A91B-4402-A4BC-64C0886320D9}.Debug|Any CPU.Build.0 = Debug|Any CPU
		{1970BEFD-A91B-4402-A4BC-64C0886320D9}.DebugLocalShesha|Any CPU.ActiveCfg = Debug|Any CPU
		{1970BEFD-A91B-4402-A4BC-64C0886320D9}.DebugLocalShesha|Any CPU.Build.0 = Debug|Any CPU
		{1970BEFD-A91B-4402-A4BC-64C0886320D9}.Release|Any CPU.ActiveCfg = Release|Any CPU
		{1970BEFD-A91B-4402-A4BC-64C0886320D9}.Release|Any CPU.Build.0 = Release|Any CPU
		{D6C3BB7F-E9F6-48BB-8DC3-4ED8507C8827}.Debug|Any CPU.ActiveCfg = Debug|Any CPU
		{D6C3BB7F-E9F6-48BB-8DC3-4ED8507C8827}.Debug|Any CPU.Build.0 = Debug|Any CPU
		{D6C3BB7F-E9F6-48BB-8DC3-4ED8507C8827}.DebugLocalShesha|Any CPU.ActiveCfg = Debug|Any CPU
		{D6C3BB7F-E9F6-48BB-8DC3-4ED8507C8827}.DebugLocalShesha|Any CPU.Build.0 = Debug|Any CPU
		{D6C3BB7F-E9F6-48BB-8DC3-4ED8507C8827}.Release|Any CPU.ActiveCfg = Release|Any CPU
		{D6C3BB7F-E9F6-48BB-8DC3-4ED8507C8827}.Release|Any CPU.Build.0 = Release|Any CPU
		{E23FB998-1121-42AC-B085-166040BA8DB2}.Debug|Any CPU.ActiveCfg = Debug|Any CPU
		{E23FB998-1121-42AC-B085-166040BA8DB2}.Debug|Any CPU.Build.0 = Debug|Any CPU
		{E23FB998-1121-42AC-B085-166040BA8DB2}.DebugLocalShesha|Any CPU.ActiveCfg = Debug|Any CPU
		{E23FB998-1121-42AC-B085-166040BA8DB2}.DebugLocalShesha|Any CPU.Build.0 = Debug|Any CPU
		{E23FB998-1121-42AC-B085-166040BA8DB2}.Release|Any CPU.ActiveCfg = Release|Any CPU
		{E23FB998-1121-42AC-B085-166040BA8DB2}.Release|Any CPU.Build.0 = Release|Any CPU
		{787D3872-3251-4CFE-A22F-9E904800628F}.Debug|Any CPU.ActiveCfg = Debug|Any CPU
		{787D3872-3251-4CFE-A22F-9E904800628F}.Debug|Any CPU.Build.0 = Debug|Any CPU
		{787D3872-3251-4CFE-A22F-9E904800628F}.DebugLocalShesha|Any CPU.ActiveCfg = Debug|Any CPU
		{787D3872-3251-4CFE-A22F-9E904800628F}.DebugLocalShesha|Any CPU.Build.0 = Debug|Any CPU
		{787D3872-3251-4CFE-A22F-9E904800628F}.Release|Any CPU.ActiveCfg = Release|Any CPU
		{787D3872-3251-4CFE-A22F-9E904800628F}.Release|Any CPU.Build.0 = Release|Any CPU
	EndGlobalSection
	GlobalSection(SolutionProperties) = preSolution
		HideSolutionNode = FALSE
	EndGlobalSection
	GlobalSection(NestedProjects) = preSolution
		{1E3B0FB7-94E8-48AD-83AC-17EABA2EA5D1} = {244B7A5A-6740-4EE8-BCA3-5484C9DDF56A}
		{CD807E5E-CD55-48C5-A41E-4CC0BA7886D2} = {244B7A5A-6740-4EE8-BCA3-5484C9DDF56A}
		{57429F71-8D0C-4850-AE07-F6D8426DEE6B} = {244B7A5A-6740-4EE8-BCA3-5484C9DDF56A}
		{17629F45-95C1-4046-9FF9-D2E355E829B0} = {AB99B699-B4D8-42BD-BD22-001C2317430B}
		{EEF76E8C-9404-425D-96F6-646C35E62F64} = {AB99B699-B4D8-42BD-BD22-001C2317430B}
		{20C3F731-E8C4-412E-9AAE-23324A13101F} = {AB99B699-B4D8-42BD-BD22-001C2317430B}
		{0B997DD5-79DB-42E7-B5FD-BAB066008C2D} = {AB99B699-B4D8-42BD-BD22-001C2317430B}
		{6697D1F4-8075-40AD-8A0D-4F815A211833} = {AB99B699-B4D8-42BD-BD22-001C2317430B}
		{C0D38AE5-FAAD-44F3-89FC-D831116A7062} = {AB99B699-B4D8-42BD-BD22-001C2317430B}
		{9E89335D-8A85-4E36-89D9-2D49CEE0BA56} = {AB99B699-B4D8-42BD-BD22-001C2317430B}
		{D54670A0-01B4-48F9-BDC2-2E4F617B3229} = {AB99B699-B4D8-42BD-BD22-001C2317430B}
		{CBB855FB-5302-4700-93A8-0FE7FD4280D4} = {AB99B699-B4D8-42BD-BD22-001C2317430B}
		{2C55258C-C619-4583-A163-793D4E80D5B6} = {AB99B699-B4D8-42BD-BD22-001C2317430B}
		{7B135348-315F-4300-8A06-BC7F10361940} = {AB99B699-B4D8-42BD-BD22-001C2317430B}
		{27883497-E40B-4AE2-9E1F-BE0B4B588670} = {AB99B699-B4D8-42BD-BD22-001C2317430B}
		{6700BCBD-3FE7-4CAC-97CB-CD1DF8B066F5} = {AB99B699-B4D8-42BD-BD22-001C2317430B}
		{DB416FC7-8A97-44FB-892F-797E491C5D30} = {AB99B699-B4D8-42BD-BD22-001C2317430B}
		{5EB263D9-073E-410B-BB3B-3C3F4A385398} = {AB99B699-B4D8-42BD-BD22-001C2317430B}
		{563DE7AE-63E0-4458-AD14-384EF448F0F3} = {AB99B699-B4D8-42BD-BD22-001C2317430B}
		{19D8A3FE-BE11-4063-9E38-495A88A68C0A} = {AB99B699-B4D8-42BD-BD22-001C2317430B}
		{EDB6DE2D-834A-4AB3-879B-4136D4C82629} = {AB99B699-B4D8-42BD-BD22-001C2317430B}
		{2EA1DED6-4C8E-4927-998B-27A5EBDF94C5} = {AB99B699-B4D8-42BD-BD22-001C2317430B}
		{1BE3CB30-7A5D-481E-B280-8820634EDE27} = {AB99B699-B4D8-42BD-BD22-001C2317430B}
		{1970BEFD-A91B-4402-A4BC-64C0886320D9} = {AB99B699-B4D8-42BD-BD22-001C2317430B}
		{D6C3BB7F-E9F6-48BB-8DC3-4ED8507C8827} = {AB99B699-B4D8-42BD-BD22-001C2317430B}
	EndGlobalSection
	GlobalSection(ExtensibilityGlobals) = postSolution
		SolutionGuid = {95ED23F3-8DEA-456E-A44B-87A161CB696A}
	EndGlobalSection
EndGlobal
