
Microsoft Visual Studio Solution File, Format Version 12.00
# Visual Studio Version 16
VisualStudioVersion = 16.0.29411.108
MinimumVisualStudioVersion = 10.0.40219.1
Project("{2150E333-8FDC-42A3-9474-1A3956D46DE8}") = "Solution Items", "Solution Items", "{9695FC1C-6D7C-4FE8-A47B-0D35F0A6649D}"
	ProjectSection(SolutionItems) = preProject
		.editorconfig = .editorconfig
	EndProjectSection
EndProject
Project("{2150E333-8FDC-42A3-9474-1A3956D46DE8}") = "Tests", "Tests", "{244B7A5A-6740-4EE8-BCA3-5484C9DDF56A}"
EndProject
Project("{9A19103F-16F7-4668-BE54-9A1E7A4F7556}") = "Boxfusion.Health.His.Web.Host", "src\Boxfusion.Health.His.Web.Host\Boxfusion.Health.His.Web.Host.csproj", "{AE6EA4DF-D39B-45C9-90AB-DE4BD9C0665B}"
EndProject
Project("{9A19103F-16F7-4668-BE54-9A1E7A4F7556}") = "Boxfusion.Health.His.Web.Core", "src\Boxfusion.Health.His.Web.Core\Boxfusion.Health.His.Web.Core.csproj", "{3AC22D01-68A6-48DC-8A71-F0EB8A253DF2}"
EndProject
Project("{9A19103F-16F7-4668-BE54-9A1E7A4F7556}") = "Boxfusion.Health.His.Admissions", "src\Boxfusion.Health.His.Admissions\Boxfusion.Health.His.Admissions.csproj", "{CEA41403-B987-4352-9DF5-015DA76F3F65}"
EndProject
Project("{9A19103F-16F7-4668-BE54-9A1E7A4F7556}") = "Boxfusion.Health.His.Domain", "src\Boxfusion.Health.His.Domain\Boxfusion.Health.His.Domain.csproj", "{B48270DE-2D45-4198-B10E-E331C8529C73}"
EndProject
Project("{9A19103F-16F7-4668-BE54-9A1E7A4F7556}") = "Boxfusion.Health.His.Tests", "test\Boxfusion.Health.His.Tests\Boxfusion.Health.His.Tests.csproj", "{CCD6D1E2-5DE4-4FDD-BCBA-B47D022F7488}"
EndProject
Global
	GlobalSection(SolutionConfigurationPlatforms) = preSolution
		Debug|Any CPU = Debug|Any CPU
		Release|Any CPU = Release|Any CPU
	EndGlobalSection
	GlobalSection(ProjectConfigurationPlatforms) = postSolution
		{AE6EA4DF-D39B-45C9-90AB-DE4BD9C0665B}.Debug|Any CPU.ActiveCfg = Debug|Any CPU
		{AE6EA4DF-D39B-45C9-90AB-DE4BD9C0665B}.Debug|Any CPU.Build.0 = Debug|Any CPU
		{AE6EA4DF-D39B-45C9-90AB-DE4BD9C0665B}.Release|Any CPU.ActiveCfg = Release|Any CPU
		{AE6EA4DF-D39B-45C9-90AB-DE4BD9C0665B}.Release|Any CPU.Build.0 = Release|Any CPU
		{3AC22D01-68A6-48DC-8A71-F0EB8A253DF2}.Debug|Any CPU.ActiveCfg = Debug|Any CPU
		{3AC22D01-68A6-48DC-8A71-F0EB8A253DF2}.Debug|Any CPU.Build.0 = Debug|Any CPU
		{3AC22D01-68A6-48DC-8A71-F0EB8A253DF2}.Release|Any CPU.ActiveCfg = Release|Any CPU
		{3AC22D01-68A6-48DC-8A71-F0EB8A253DF2}.Release|Any CPU.Build.0 = Release|Any CPU
		{CEA41403-B987-4352-9DF5-015DA76F3F65}.Debug|Any CPU.ActiveCfg = Debug|Any CPU
		{CEA41403-B987-4352-9DF5-015DA76F3F65}.Debug|Any CPU.Build.0 = Debug|Any CPU
		{CEA41403-B987-4352-9DF5-015DA76F3F65}.Release|Any CPU.ActiveCfg = Release|Any CPU
		{CEA41403-B987-4352-9DF5-015DA76F3F65}.Release|Any CPU.Build.0 = Release|Any CPU
		{B48270DE-2D45-4198-B10E-E331C8529C73}.Debug|Any CPU.ActiveCfg = Debug|Any CPU
		{B48270DE-2D45-4198-B10E-E331C8529C73}.Debug|Any CPU.Build.0 = Debug|Any CPU
		{B48270DE-2D45-4198-B10E-E331C8529C73}.Release|Any CPU.ActiveCfg = Release|Any CPU
		{B48270DE-2D45-4198-B10E-E331C8529C73}.Release|Any CPU.Build.0 = Release|Any CPU
		{CCD6D1E2-5DE4-4FDD-BCBA-B47D022F7488}.Debug|Any CPU.ActiveCfg = Debug|Any CPU
		{CCD6D1E2-5DE4-4FDD-BCBA-B47D022F7488}.Debug|Any CPU.Build.0 = Debug|Any CPU
		{CCD6D1E2-5DE4-4FDD-BCBA-B47D022F7488}.Release|Any CPU.ActiveCfg = Release|Any CPU
		{CCD6D1E2-5DE4-4FDD-BCBA-B47D022F7488}.Release|Any CPU.Build.0 = Release|Any CPU
		{607866A0-C059-4BD9-9AA5-FD6FF0FF006E}.Debug|Any CPU.ActiveCfg = Debug|Any CPU
		{607866A0-C059-4BD9-9AA5-FD6FF0FF006E}.Debug|Any CPU.Build.0 = Debug|Any CPU
		{607866A0-C059-4BD9-9AA5-FD6FF0FF006E}.Release|Any CPU.ActiveCfg = Release|Any CPU
		{607866A0-C059-4BD9-9AA5-FD6FF0FF006E}.Release|Any CPU.Build.0 = Release|Any CPU
	EndGlobalSection
	GlobalSection(SolutionProperties) = preSolution
		HideSolutionNode = FALSE
	EndGlobalSection
	GlobalSection(NestedProjects) = preSolution
		{CCD6D1E2-5DE4-4FDD-BCBA-B47D022F7488} = {244B7A5A-6740-4EE8-BCA3-5484C9DDF56A}
	EndGlobalSection
	GlobalSection(ExtensibilityGlobals) = postSolution
		SolutionGuid = {95ED23F3-8DEA-456E-A44B-87A161CB696A}
	EndGlobalSection
EndGlobal
