
Microsoft Visual Studio Solution File, Format Version 12.00
# Visual Studio Version 16
VisualStudioVersion = 16.0.32126.315
MinimumVisualStudioVersion = 10.0.40219.1
Project("{2150E333-8FDC-42A3-9474-1A3956D46DE8}") = "Solution Items", "Solution Items", "{9695FC1C-6D7C-4FE8-A47B-0D35F0A6649D}"
	ProjectSection(SolutionItems) = preProject
		.editorconfig = .editorconfig
	EndProjectSection
EndProject
Project("{2150E333-8FDC-42A3-9474-1A3956D46DE8}") = "Tests", "Tests", "{244B7A5A-6740-4EE8-BCA3-5484C9DDF56A}"
EndProject
Project("{9A19103F-16F7-4668-BE54-9A1E7A4F7556}") = "Boxfusion.Health.His.Web.Host", "src\Boxfusion.Health.His.Web.Host\Boxfusion.Health.His.Web.Host.csproj", "{AE6EA4DF-D39B-45C9-90AB-DE4BD9C0665B}"
EndProject
Project("{9A19103F-16F7-4668-BE54-9A1E7A4F7556}") = "Boxfusion.Health.His.Web.Core", "src\Boxfusion.Health.His.Web.Core\Boxfusion.Health.His.Web.Core.csproj", "{3AC22D01-68A6-48DC-8A71-F0EB8A253DF2}"
EndProject
Project("{9A19103F-16F7-4668-BE54-9A1E7A4F7556}") = "Boxfusion.Health.His.Common.Application", "src\Boxfusion.Health.His.Common.Application\Boxfusion.Health.His.Common.Application.csproj", "{B15FFE5A-378E-4AA5-905F-118699868301}"
EndProject
Project("{9A19103F-16F7-4668-BE54-9A1E7A4F7556}") = "Boxfusion.Health.His.Bookings.Application", "src\Boxfusion.Health.His.Bookings.Application\Boxfusion.Health.His.Bookings.Application.csproj", "{923D3D34-1FF0-4F44-97FE-CA009655D9D3}"
EndProject
Project("{9A19103F-16F7-4668-BE54-9A1E7A4F7556}") = "Boxfusion.Health.His.Common.Domain", "src\Boxfusion.Health.His.Common.Domain\Boxfusion.Health.His.Common.Domain.csproj", "{7993317F-AA2E-4FD8-AB25-A5D59EEC9F99}"
EndProject
Project("{9A19103F-16F7-4668-BE54-9A1E7A4F7556}") = "Boxfusion.Health.His.Bookings.Domain", "src\Boxfusion.Health.His.Bookings.Domain\Boxfusion.Health.His.Bookings.Domain.csproj", "{D61EC4C7-0106-4E84-8160-AECEB5555125}"
EndProject
Project("{9A19103F-16F7-4668-BE54-9A1E7A4F7556}") = "Boxfusion.Health.His.Common.Domain.Tests", "test\Boxfusion.Health.His.Common.Domain.Tests\Boxfusion.Health.His.Common.Domain.Tests.csproj", "{1E3B0FB7-94E8-48AD-83AC-17EABA2EA5D1}"
EndProject
Project("{9A19103F-16F7-4668-BE54-9A1E7A4F7556}") = "Boxfusion.Health.His.Bookings.Domain.Tests", "test\Boxfusion.Health.His.Bookings.Domain.Tests\Boxfusion.Health.His.Bookings.Domain.Tests.csproj", "{CD807E5E-CD55-48C5-A41E-4CC0BA7886D2}"
EndProject
Project("{2150E333-8FDC-42A3-9474-1A3956D46DE8}") = "Shesha", "Shesha", "{9475DB0D-A03B-4EBE-9D83-C0348855056D}"
EndProject
Project("{9A19103F-16F7-4668-BE54-9A1E7A4F7556}") = "Shesha.Enterprise", "shesha-core-enterprise\src\Shesha.Enterprise\Shesha.Enterprise.csproj", "{73D4ED02-A4F8-4066-8D76-A718825B56A2}"
EndProject
Project("{9A19103F-16F7-4668-BE54-9A1E7A4F7556}") = "Shesha.Application", "shesha-core-enterprise\shesha-core\src\Shesha.Application\Shesha.Application.csproj", "{6F80124E-D4FB-4DFA-A24C-440FDC6B3E4A}"
EndProject
Project("{9A19103F-16F7-4668-BE54-9A1E7A4F7556}") = "Shesha.AzureAD", "shesha-core-enterprise\shesha-core\src\Shesha.AzureAD\Shesha.AzureAD.csproj", "{5FF35ED6-7A9C-4D01-8181-05797B3875C6}"
EndProject
Project("{9A19103F-16F7-4668-BE54-9A1E7A4F7556}") = "Shesha.Core", "shesha-core-enterprise\shesha-core\src\Shesha.Core\Shesha.Core.csproj", "{CA2B7399-E37B-4635-B69D-A6CB716BE5C5}"
EndProject
Project("{9A19103F-16F7-4668-BE54-9A1E7A4F7556}") = "Shesha.Elmah", "shesha-core-enterprise\shesha-core\src\Shesha.Elmah\Shesha.Elmah.csproj", "{443796E6-D7DA-499E-BC8C-6716C4DB9A32}"
EndProject
Project("{9A19103F-16F7-4668-BE54-9A1E7A4F7556}") = "Shesha.Firebase", "shesha-core-enterprise\shesha-core\src\Shesha.Firebase\Shesha.Firebase.csproj", "{8EDA9AF2-0B1E-4544-A91D-668BB0F7648C}"
EndProject
Project("{9A19103F-16F7-4668-BE54-9A1E7A4F7556}") = "Shesha.Framework", "shesha-core-enterprise\shesha-core\src\Shesha.Framework\Shesha.Framework.csproj", "{A1FF5546-21F0-41B4-AE35-AE47DF4397EA}"
EndProject
Project("{9A19103F-16F7-4668-BE54-9A1E7A4F7556}") = "Shesha.Import", "shesha-core-enterprise\shesha-core\src\Shesha.Import\Shesha.Import.csproj", "{5AB1232A-4D48-499D-9858-A023B93095F4}"
EndProject
Project("{9A19103F-16F7-4668-BE54-9A1E7A4F7556}") = "Shesha.Ldap", "shesha-core-enterprise\shesha-core\src\Shesha.Ldap\Shesha.Ldap.csproj", "{15210574-E14C-4DD1-80BE-1BC21C6E6CC4}"
EndProject
Project("{9A19103F-16F7-4668-BE54-9A1E7A4F7556}") = "Shesha.MongoRepository", "shesha-core-enterprise\shesha-core\src\Shesha.MongoRepository\Shesha.MongoRepository.csproj", "{C30D04A1-743E-42F7-B807-BBD43C4B4500}"
EndProject
Project("{9A19103F-16F7-4668-BE54-9A1E7A4F7556}") = "Shesha.NHibernate", "shesha-core-enterprise\shesha-core\src\Shesha.NHibernate\Shesha.NHibernate.csproj", "{55DE7016-ED80-47B2-B23C-B6027E1B3637}"
EndProject
Project("{9A19103F-16F7-4668-BE54-9A1E7A4F7556}") = "Shesha.RestSharp", "shesha-core-enterprise\shesha-core\src\Shesha.RestSharp\Shesha.RestSharp.csproj", "{D1F77935-37E3-4F31-8398-FB419FF50D5E}"
EndProject
Project("{9A19103F-16F7-4668-BE54-9A1E7A4F7556}") = "Shesha.Scheduler", "shesha-core-enterprise\shesha-core\src\Shesha.Scheduler\Shesha.Scheduler.csproj", "{4C8BDEC5-D100-4002-B7FB-1015C80E8EC8}"
EndProject
Project("{9A19103F-16F7-4668-BE54-9A1E7A4F7556}") = "Shesha.Sms.BulkSms", "shesha-core-enterprise\shesha-core\src\Shesha.Sms.BulkSms\Shesha.Sms.BulkSms.csproj", "{C8536F9A-9395-4890-86DC-CA4D0EFAC2CD}"
EndProject
Project("{9A19103F-16F7-4668-BE54-9A1E7A4F7556}") = "Shesha.Sms.Clickatell", "shesha-core-enterprise\shesha-core\src\Shesha.Sms.Clickatell\Shesha.Sms.Clickatell.csproj", "{0C4340A4-04B3-48C2-8E68-D6E939C3E687}"
EndProject
Project("{9A19103F-16F7-4668-BE54-9A1E7A4F7556}") = "Shesha.Sms.SmsPortal", "shesha-core-enterprise\shesha-core\src\Shesha.Sms.SmsPortal\Shesha.Sms.SmsPortal.csproj", "{03693767-62B8-4779-BE99-C9531D652726}"
EndProject
Project("{9A19103F-16F7-4668-BE54-9A1E7A4F7556}") = "Shesha.Sms.Xml2Sms", "shesha-core-enterprise\shesha-core\src\Shesha.Sms.Xml2Sms\Shesha.Sms.Xml2Sms.csproj", "{BA7A77F8-0393-4925-9CD2-8F2E2DD42813}"
EndProject
Project("{9A19103F-16F7-4668-BE54-9A1E7A4F7556}") = "Shesha.Web.Controls", "shesha-core-enterprise\shesha-core\src\Shesha.Web.Controls\Shesha.Web.Controls.csproj", "{35CFD663-DE17-4E47-AE75-29E48FAE1F00}"
EndProject
Project("{9A19103F-16F7-4668-BE54-9A1E7A4F7556}") = "Shesha.Web.FormsDesigner", "shesha-core-enterprise\shesha-core\src\Shesha.Web.FormsDesigner\Shesha.Web.FormsDesigner.csproj", "{CC28FB01-2000-4E8F-A8A4-5E1863C2BDB7}"
EndProject
Project("{9A19103F-16F7-4668-BE54-9A1E7A4F7556}") = "Boxfusion.Health.His.MpDoh.Customisations", "src\Boxfusion.Health.His.MpDoh.Domain\Boxfusion.Health.His.MpDoh.Customisations.csproj", "{51220A9F-B109-404F-B510-99D7539D40FF}"
EndProject
Global
	GlobalSection(SolutionConfigurationPlatforms) = preSolution
		Debug|Any CPU = Debug|Any CPU
		Release|Any CPU = Release|Any CPU
	EndGlobalSection
	GlobalSection(ProjectConfigurationPlatforms) = postSolution
		{AE6EA4DF-D39B-45C9-90AB-DE4BD9C0665B}.Debug|Any CPU.ActiveCfg = Debug|Any CPU
		{AE6EA4DF-D39B-45C9-90AB-DE4BD9C0665B}.Debug|Any CPU.Build.0 = Debug|Any CPU
		{AE6EA4DF-D39B-45C9-90AB-DE4BD9C0665B}.Release|Any CPU.ActiveCfg = Release|Any CPU
		{AE6EA4DF-D39B-45C9-90AB-DE4BD9C0665B}.Release|Any CPU.Build.0 = Release|Any CPU
		{3AC22D01-68A6-48DC-8A71-F0EB8A253DF2}.Debug|Any CPU.ActiveCfg = Debug|Any CPU
		{3AC22D01-68A6-48DC-8A71-F0EB8A253DF2}.Debug|Any CPU.Build.0 = Debug|Any CPU
		{3AC22D01-68A6-48DC-8A71-F0EB8A253DF2}.Release|Any CPU.ActiveCfg = Release|Any CPU
		{3AC22D01-68A6-48DC-8A71-F0EB8A253DF2}.Release|Any CPU.Build.0 = Release|Any CPU
		{B15FFE5A-378E-4AA5-905F-118699868301}.Debug|Any CPU.ActiveCfg = Debug|Any CPU
		{B15FFE5A-378E-4AA5-905F-118699868301}.Debug|Any CPU.Build.0 = Debug|Any CPU
		{B15FFE5A-378E-4AA5-905F-118699868301}.Release|Any CPU.ActiveCfg = Release|Any CPU
		{B15FFE5A-378E-4AA5-905F-118699868301}.Release|Any CPU.Build.0 = Release|Any CPU
		{923D3D34-1FF0-4F44-97FE-CA009655D9D3}.Debug|Any CPU.ActiveCfg = Debug|Any CPU
		{923D3D34-1FF0-4F44-97FE-CA009655D9D3}.Debug|Any CPU.Build.0 = Debug|Any CPU
		{923D3D34-1FF0-4F44-97FE-CA009655D9D3}.Release|Any CPU.ActiveCfg = Release|Any CPU
		{923D3D34-1FF0-4F44-97FE-CA009655D9D3}.Release|Any CPU.Build.0 = Release|Any CPU
		{7993317F-AA2E-4FD8-AB25-A5D59EEC9F99}.Debug|Any CPU.ActiveCfg = Debug|Any CPU
		{7993317F-AA2E-4FD8-AB25-A5D59EEC9F99}.Debug|Any CPU.Build.0 = Debug|Any CPU
		{7993317F-AA2E-4FD8-AB25-A5D59EEC9F99}.Release|Any CPU.ActiveCfg = Release|Any CPU
		{7993317F-AA2E-4FD8-AB25-A5D59EEC9F99}.Release|Any CPU.Build.0 = Release|Any CPU
		{D61EC4C7-0106-4E84-8160-AECEB5555125}.Debug|Any CPU.ActiveCfg = Debug|Any CPU
		{D61EC4C7-0106-4E84-8160-AECEB5555125}.Debug|Any CPU.Build.0 = Debug|Any CPU
		{D61EC4C7-0106-4E84-8160-AECEB5555125}.Release|Any CPU.ActiveCfg = Release|Any CPU
		{D61EC4C7-0106-4E84-8160-AECEB5555125}.Release|Any CPU.Build.0 = Release|Any CPU
		{1E3B0FB7-94E8-48AD-83AC-17EABA2EA5D1}.Debug|Any CPU.ActiveCfg = Debug|Any CPU
		{1E3B0FB7-94E8-48AD-83AC-17EABA2EA5D1}.Debug|Any CPU.Build.0 = Debug|Any CPU
		{1E3B0FB7-94E8-48AD-83AC-17EABA2EA5D1}.Release|Any CPU.ActiveCfg = Release|Any CPU
		{1E3B0FB7-94E8-48AD-83AC-17EABA2EA5D1}.Release|Any CPU.Build.0 = Release|Any CPU
		{CD807E5E-CD55-48C5-A41E-4CC0BA7886D2}.Debug|Any CPU.ActiveCfg = Debug|Any CPU
		{CD807E5E-CD55-48C5-A41E-4CC0BA7886D2}.Debug|Any CPU.Build.0 = Debug|Any CPU
		{CD807E5E-CD55-48C5-A41E-4CC0BA7886D2}.Release|Any CPU.ActiveCfg = Release|Any CPU
		{CD807E5E-CD55-48C5-A41E-4CC0BA7886D2}.Release|Any CPU.Build.0 = Release|Any CPU
		{73D4ED02-A4F8-4066-8D76-A718825B56A2}.Debug|Any CPU.ActiveCfg = Debug|Any CPU
		{73D4ED02-A4F8-4066-8D76-A718825B56A2}.Debug|Any CPU.Build.0 = Debug|Any CPU
		{73D4ED02-A4F8-4066-8D76-A718825B56A2}.Release|Any CPU.ActiveCfg = Release|Any CPU
		{73D4ED02-A4F8-4066-8D76-A718825B56A2}.Release|Any CPU.Build.0 = Release|Any CPU
		{6F80124E-D4FB-4DFA-A24C-440FDC6B3E4A}.Debug|Any CPU.ActiveCfg = Debug|Any CPU
		{6F80124E-D4FB-4DFA-A24C-440FDC6B3E4A}.Debug|Any CPU.Build.0 = Debug|Any CPU
		{6F80124E-D4FB-4DFA-A24C-440FDC6B3E4A}.Release|Any CPU.ActiveCfg = Release|Any CPU
		{6F80124E-D4FB-4DFA-A24C-440FDC6B3E4A}.Release|Any CPU.Build.0 = Release|Any CPU
		{5FF35ED6-7A9C-4D01-8181-05797B3875C6}.Debug|Any CPU.ActiveCfg = Debug|Any CPU
		{5FF35ED6-7A9C-4D01-8181-05797B3875C6}.Debug|Any CPU.Build.0 = Debug|Any CPU
		{5FF35ED6-7A9C-4D01-8181-05797B3875C6}.Release|Any CPU.ActiveCfg = Release|Any CPU
		{5FF35ED6-7A9C-4D01-8181-05797B3875C6}.Release|Any CPU.Build.0 = Release|Any CPU
		{CA2B7399-E37B-4635-B69D-A6CB716BE5C5}.Debug|Any CPU.ActiveCfg = Debug|Any CPU
		{CA2B7399-E37B-4635-B69D-A6CB716BE5C5}.Debug|Any CPU.Build.0 = Debug|Any CPU
		{CA2B7399-E37B-4635-B69D-A6CB716BE5C5}.Release|Any CPU.ActiveCfg = Release|Any CPU
		{CA2B7399-E37B-4635-B69D-A6CB716BE5C5}.Release|Any CPU.Build.0 = Release|Any CPU
		{443796E6-D7DA-499E-BC8C-6716C4DB9A32}.Debug|Any CPU.ActiveCfg = Debug|Any CPU
		{443796E6-D7DA-499E-BC8C-6716C4DB9A32}.Debug|Any CPU.Build.0 = Debug|Any CPU
		{443796E6-D7DA-499E-BC8C-6716C4DB9A32}.Release|Any CPU.ActiveCfg = Release|Any CPU
		{443796E6-D7DA-499E-BC8C-6716C4DB9A32}.Release|Any CPU.Build.0 = Release|Any CPU
		{8EDA9AF2-0B1E-4544-A91D-668BB0F7648C}.Debug|Any CPU.ActiveCfg = Debug|Any CPU
		{8EDA9AF2-0B1E-4544-A91D-668BB0F7648C}.Debug|Any CPU.Build.0 = Debug|Any CPU
		{8EDA9AF2-0B1E-4544-A91D-668BB0F7648C}.Release|Any CPU.ActiveCfg = Release|Any CPU
		{8EDA9AF2-0B1E-4544-A91D-668BB0F7648C}.Release|Any CPU.Build.0 = Release|Any CPU
		{A1FF5546-21F0-41B4-AE35-AE47DF4397EA}.Debug|Any CPU.ActiveCfg = Debug|Any CPU
		{A1FF5546-21F0-41B4-AE35-AE47DF4397EA}.Debug|Any CPU.Build.0 = Debug|Any CPU
		{A1FF5546-21F0-41B4-AE35-AE47DF4397EA}.Release|Any CPU.ActiveCfg = Release|Any CPU
		{A1FF5546-21F0-41B4-AE35-AE47DF4397EA}.Release|Any CPU.Build.0 = Release|Any CPU
		{5AB1232A-4D48-499D-9858-A023B93095F4}.Debug|Any CPU.ActiveCfg = Debug|Any CPU
		{5AB1232A-4D48-499D-9858-A023B93095F4}.Debug|Any CPU.Build.0 = Debug|Any CPU
		{5AB1232A-4D48-499D-9858-A023B93095F4}.Release|Any CPU.ActiveCfg = Release|Any CPU
		{5AB1232A-4D48-499D-9858-A023B93095F4}.Release|Any CPU.Build.0 = Release|Any CPU
		{15210574-E14C-4DD1-80BE-1BC21C6E6CC4}.Debug|Any CPU.ActiveCfg = Debug|Any CPU
		{15210574-E14C-4DD1-80BE-1BC21C6E6CC4}.Debug|Any CPU.Build.0 = Debug|Any CPU
		{15210574-E14C-4DD1-80BE-1BC21C6E6CC4}.Release|Any CPU.ActiveCfg = Release|Any CPU
		{15210574-E14C-4DD1-80BE-1BC21C6E6CC4}.Release|Any CPU.Build.0 = Release|Any CPU
		{C30D04A1-743E-42F7-B807-BBD43C4B4500}.Debug|Any CPU.ActiveCfg = Debug|Any CPU
		{C30D04A1-743E-42F7-B807-BBD43C4B4500}.Debug|Any CPU.Build.0 = Debug|Any CPU
		{C30D04A1-743E-42F7-B807-BBD43C4B4500}.Release|Any CPU.ActiveCfg = Release|Any CPU
		{C30D04A1-743E-42F7-B807-BBD43C4B4500}.Release|Any CPU.Build.0 = Release|Any CPU
		{55DE7016-ED80-47B2-B23C-B6027E1B3637}.Debug|Any CPU.ActiveCfg = Debug|Any CPU
		{55DE7016-ED80-47B2-B23C-B6027E1B3637}.Debug|Any CPU.Build.0 = Debug|Any CPU
		{55DE7016-ED80-47B2-B23C-B6027E1B3637}.Release|Any CPU.ActiveCfg = Release|Any CPU
		{55DE7016-ED80-47B2-B23C-B6027E1B3637}.Release|Any CPU.Build.0 = Release|Any CPU
		{D1F77935-37E3-4F31-8398-FB419FF50D5E}.Debug|Any CPU.ActiveCfg = Debug|Any CPU
		{D1F77935-37E3-4F31-8398-FB419FF50D5E}.Debug|Any CPU.Build.0 = Debug|Any CPU
		{D1F77935-37E3-4F31-8398-FB419FF50D5E}.Release|Any CPU.ActiveCfg = Release|Any CPU
		{D1F77935-37E3-4F31-8398-FB419FF50D5E}.Release|Any CPU.Build.0 = Release|Any CPU
		{4C8BDEC5-D100-4002-B7FB-1015C80E8EC8}.Debug|Any CPU.ActiveCfg = Debug|Any CPU
		{4C8BDEC5-D100-4002-B7FB-1015C80E8EC8}.Debug|Any CPU.Build.0 = Debug|Any CPU
		{4C8BDEC5-D100-4002-B7FB-1015C80E8EC8}.Release|Any CPU.ActiveCfg = Release|Any CPU
		{4C8BDEC5-D100-4002-B7FB-1015C80E8EC8}.Release|Any CPU.Build.0 = Release|Any CPU
		{C8536F9A-9395-4890-86DC-CA4D0EFAC2CD}.Debug|Any CPU.ActiveCfg = Debug|Any CPU
		{C8536F9A-9395-4890-86DC-CA4D0EFAC2CD}.Debug|Any CPU.Build.0 = Debug|Any CPU
		{C8536F9A-9395-4890-86DC-CA4D0EFAC2CD}.Release|Any CPU.ActiveCfg = Release|Any CPU
		{C8536F9A-9395-4890-86DC-CA4D0EFAC2CD}.Release|Any CPU.Build.0 = Release|Any CPU
		{0C4340A4-04B3-48C2-8E68-D6E939C3E687}.Debug|Any CPU.ActiveCfg = Debug|Any CPU
		{0C4340A4-04B3-48C2-8E68-D6E939C3E687}.Debug|Any CPU.Build.0 = Debug|Any CPU
		{0C4340A4-04B3-48C2-8E68-D6E939C3E687}.Release|Any CPU.ActiveCfg = Release|Any CPU
		{0C4340A4-04B3-48C2-8E68-D6E939C3E687}.Release|Any CPU.Build.0 = Release|Any CPU
		{03693767-62B8-4779-BE99-C9531D652726}.Debug|Any CPU.ActiveCfg = Debug|Any CPU
		{03693767-62B8-4779-BE99-C9531D652726}.Debug|Any CPU.Build.0 = Debug|Any CPU
		{03693767-62B8-4779-BE99-C9531D652726}.Release|Any CPU.ActiveCfg = Release|Any CPU
		{03693767-62B8-4779-BE99-C9531D652726}.Release|Any CPU.Build.0 = Release|Any CPU
		{BA7A77F8-0393-4925-9CD2-8F2E2DD42813}.Debug|Any CPU.ActiveCfg = Debug|Any CPU
		{BA7A77F8-0393-4925-9CD2-8F2E2DD42813}.Debug|Any CPU.Build.0 = Debug|Any CPU
		{BA7A77F8-0393-4925-9CD2-8F2E2DD42813}.Release|Any CPU.ActiveCfg = Release|Any CPU
		{BA7A77F8-0393-4925-9CD2-8F2E2DD42813}.Release|Any CPU.Build.0 = Release|Any CPU
		{35CFD663-DE17-4E47-AE75-29E48FAE1F00}.Debug|Any CPU.ActiveCfg = Debug|Any CPU
		{35CFD663-DE17-4E47-AE75-29E48FAE1F00}.Debug|Any CPU.Build.0 = Debug|Any CPU
		{35CFD663-DE17-4E47-AE75-29E48FAE1F00}.Release|Any CPU.ActiveCfg = Release|Any CPU
		{35CFD663-DE17-4E47-AE75-29E48FAE1F00}.Release|Any CPU.Build.0 = Release|Any CPU
		{CC28FB01-2000-4E8F-A8A4-5E1863C2BDB7}.Debug|Any CPU.ActiveCfg = Debug|Any CPU
		{CC28FB01-2000-4E8F-A8A4-5E1863C2BDB7}.Debug|Any CPU.Build.0 = Debug|Any CPU
		{CC28FB01-2000-4E8F-A8A4-5E1863C2BDB7}.Release|Any CPU.ActiveCfg = Release|Any CPU
		{CC28FB01-2000-4E8F-A8A4-5E1863C2BDB7}.Release|Any CPU.Build.0 = Release|Any CPU
		{51220A9F-B109-404F-B510-99D7539D40FF}.Debug|Any CPU.ActiveCfg = Debug|Any CPU
		{51220A9F-B109-404F-B510-99D7539D40FF}.Debug|Any CPU.Build.0 = Debug|Any CPU
		{51220A9F-B109-404F-B510-99D7539D40FF}.Release|Any CPU.ActiveCfg = Release|Any CPU
		{51220A9F-B109-404F-B510-99D7539D40FF}.Release|Any CPU.Build.0 = Release|Any CPU
	EndGlobalSection
	GlobalSection(SolutionProperties) = preSolution
		HideSolutionNode = FALSE
	EndGlobalSection
	GlobalSection(NestedProjects) = preSolution
		{1E3B0FB7-94E8-48AD-83AC-17EABA2EA5D1} = {244B7A5A-6740-4EE8-BCA3-5484C9DDF56A}
		{CD807E5E-CD55-48C5-A41E-4CC0BA7886D2} = {244B7A5A-6740-4EE8-BCA3-5484C9DDF56A}
		{73D4ED02-A4F8-4066-8D76-A718825B56A2} = {9475DB0D-A03B-4EBE-9D83-C0348855056D}
		{6F80124E-D4FB-4DFA-A24C-440FDC6B3E4A} = {9475DB0D-A03B-4EBE-9D83-C0348855056D}
		{5FF35ED6-7A9C-4D01-8181-05797B3875C6} = {9475DB0D-A03B-4EBE-9D83-C0348855056D}
		{CA2B7399-E37B-4635-B69D-A6CB716BE5C5} = {9475DB0D-A03B-4EBE-9D83-C0348855056D}
		{443796E6-D7DA-499E-BC8C-6716C4DB9A32} = {9475DB0D-A03B-4EBE-9D83-C0348855056D}
		{8EDA9AF2-0B1E-4544-A91D-668BB0F7648C} = {9475DB0D-A03B-4EBE-9D83-C0348855056D}
		{A1FF5546-21F0-41B4-AE35-AE47DF4397EA} = {9475DB0D-A03B-4EBE-9D83-C0348855056D}
		{5AB1232A-4D48-499D-9858-A023B93095F4} = {9475DB0D-A03B-4EBE-9D83-C0348855056D}
		{15210574-E14C-4DD1-80BE-1BC21C6E6CC4} = {9475DB0D-A03B-4EBE-9D83-C0348855056D}
		{C30D04A1-743E-42F7-B807-BBD43C4B4500} = {9475DB0D-A03B-4EBE-9D83-C0348855056D}
		{55DE7016-ED80-47B2-B23C-B6027E1B3637} = {9475DB0D-A03B-4EBE-9D83-C0348855056D}
		{D1F77935-37E3-4F31-8398-FB419FF50D5E} = {9475DB0D-A03B-4EBE-9D83-C0348855056D}
		{4C8BDEC5-D100-4002-B7FB-1015C80E8EC8} = {9475DB0D-A03B-4EBE-9D83-C0348855056D}
		{C8536F9A-9395-4890-86DC-CA4D0EFAC2CD} = {9475DB0D-A03B-4EBE-9D83-C0348855056D}
		{0C4340A4-04B3-48C2-8E68-D6E939C3E687} = {9475DB0D-A03B-4EBE-9D83-C0348855056D}
		{03693767-62B8-4779-BE99-C9531D652726} = {9475DB0D-A03B-4EBE-9D83-C0348855056D}
		{BA7A77F8-0393-4925-9CD2-8F2E2DD42813} = {9475DB0D-A03B-4EBE-9D83-C0348855056D}
		{35CFD663-DE17-4E47-AE75-29E48FAE1F00} = {9475DB0D-A03B-4EBE-9D83-C0348855056D}
		{CC28FB01-2000-4E8F-A8A4-5E1863C2BDB7} = {9475DB0D-A03B-4EBE-9D83-C0348855056D}
	EndGlobalSection
	GlobalSection(ExtensibilityGlobals) = postSolution
		SolutionGuid = {95ED23F3-8DEA-456E-A44B-87A161CB696A}
	EndGlobalSection
EndGlobal
