
Microsoft Visual Studio Solution File, Format Version 12.00
# Visual Studio Version 17
VisualStudioVersion = 17.0.32014.148
MinimumVisualStudioVersion = 10.0.40219.1
Project("{9A19103F-16F7-4668-BE54-9A1E7A4F7556}") = "Boxfusion.Health.His.Booking", "Boxfusion.Health.His.Booking.csproj", "{F4362255-D845-4336-996D-5450C36611CE}"
EndProject
Global
	GlobalSection(SolutionConfigurationPlatforms) = preSolution
		Debug|Any CPU = Debug|Any CPU
		Release|Any CPU = Release|Any CPU
	EndGlobalSection
	GlobalSection(ProjectConfigurationPlatforms) = postSolution
		{F4362255-D845-4336-996D-5450C36611CE}.Debug|Any CPU.ActiveCfg = Debug|Any CPU
		{F4362255-D845-4336-996D-5450C36611CE}.Debug|Any CPU.Build.0 = Debug|Any CPU
		{F4362255-D845-4336-996D-5450C36611CE}.Release|Any CPU.ActiveCfg = Release|Any CPU
		{F4362255-D845-4336-996D-5450C36611CE}.Release|Any CPU.Build.0 = Release|Any CPU
	EndGlobalSection
	GlobalSection(SolutionProperties) = preSolution
		HideSolutionNode = FALSE
	EndGlobalSection
	GlobalSection(ExtensibilityGlobals) = postSolution
		SolutionGuid = {092E0205-E884-4FCF-9234-46FD9BA6A2F4}
	EndGlobalSection
EndGlobal
